
Microsoft Visual Studio Solution File, Format Version 12.00
# Visual Studio Version 17
VisualStudioVersion = 17.7.34031.279
MinimumVisualStudioVersion = 10.0.40219.1
Project("{FAE04EC0-301F-11D3-BF4B-00C04F79EFBC}") = "Practica3_changed", "Practica3_changed\Practica3_changed.csproj", "{CC2D2BBF-81EF-42D2-A7CC-ED9916595F62}"
EndProject
Global
	GlobalSection(SolutionConfigurationPlatforms) = preSolution
		Debug|Any CPU = Debug|Any CPU
		Release|Any CPU = Release|Any CPU
	EndGlobalSection
	GlobalSection(ProjectConfigurationPlatforms) = postSolution
		{CC2D2BBF-81EF-42D2-A7CC-ED9916595F62}.Debug|Any CPU.ActiveCfg = Debug|Any CPU
		{CC2D2BBF-81EF-42D2-A7CC-ED9916595F62}.Debug|Any CPU.Build.0 = Debug|Any CPU
		{CC2D2BBF-81EF-42D2-A7CC-ED9916595F62}.Release|Any CPU.ActiveCfg = Release|Any CPU
		{CC2D2BBF-81EF-42D2-A7CC-ED9916595F62}.Release|Any CPU.Build.0 = Release|Any CPU
	EndGlobalSection
	GlobalSection(SolutionProperties) = preSolution
		HideSolutionNode = FALSE
	EndGlobalSection
	GlobalSection(ExtensibilityGlobals) = postSolution
		SolutionGuid = {39274510-6125-4243-B962-1E7C78BD908D}
	EndGlobalSection
EndGlobal
